#MicroXplorer Configuration settings - do not modify
ADC1.Channel-0\#ChannelRegularConversion=ADC_CHANNEL_1
ADC1.ClockPrescaler=ADC_CLOCK_SYNC_PCLK_DIV4
ADC1.DMAContinuousRequests=ENABLE
ADC1.ExternalTrigConv=ADC_EXTERNALTRIGCONV_T2_TRGO
ADC1.IPParameters=Rank-0\#ChannelRegularConversion,master,Channel-0\#ChannelRegularConversion,SamplingTime-0\#ChannelRegularConversion,SamplingTimeOPAMP-0\#ChannelRegularConversion,OffsetNumber-0\#ChannelRegularConversion,Offset-0\#ChannelRegularConversion,NbrOfConversionFlag,ExternalTrigConv,DMAContinuousRequests,ClockPrescaler
ADC1.NbrOfConversionFlag=1
ADC1.Offset-0\#ChannelRegularConversion=0
ADC1.OffsetNumber-0\#ChannelRegularConversion=ADC_OFFSET_NONE
ADC1.Rank-0\#ChannelRegularConversion=1
ADC1.SamplingTime-0\#ChannelRegularConversion=ADC_SAMPLETIME_1CYCLE_5
ADC1.SamplingTimeOPAMP-0\#ChannelRegularConversion=ADC_SAMPLETIME_61CYCLES_5
ADC1.master=1
Dma.ADC1.2.Direction=DMA_PERIPH_TO_MEMORY
Dma.ADC1.2.Instance=DMA1_Channel1
Dma.ADC1.2.MemDataAlignment=DMA_MDATAALIGN_HALFWORD
Dma.ADC1.2.MemInc=DMA_MINC_ENABLE
Dma.ADC1.2.Mode=DMA_CIRCULAR
Dma.ADC1.2.PeriphDataAlignment=DMA_PDATAALIGN_HALFWORD
Dma.ADC1.2.PeriphInc=DMA_PINC_DISABLE
Dma.ADC1.2.Priority=DMA_PRIORITY_LOW
Dma.ADC1.2.RequestParameters=Instance,Direction,PeriphInc,MemInc,PeriphDataAlignment,MemDataAlignment,Mode,Priority
Dma.Request0=SPI1_RX
Dma.Request1=SPI1_TX
Dma.Request2=ADC1
Dma.RequestsNb=3
Dma.SPI1_RX.0.Direction=DMA_PERIPH_TO_MEMORY
Dma.SPI1_RX.0.Instance=DMA1_Channel2
Dma.SPI1_RX.0.MemDataAlignment=DMA_MDATAALIGN_BYTE
Dma.SPI1_RX.0.MemInc=DMA_MINC_ENABLE
Dma.SPI1_RX.0.Mode=DMA_NORMAL
Dma.SPI1_RX.0.PeriphDataAlignment=DMA_PDATAALIGN_BYTE
Dma.SPI1_RX.0.PeriphInc=DMA_PINC_DISABLE
Dma.SPI1_RX.0.Priority=DMA_PRIORITY_LOW
Dma.SPI1_RX.0.RequestParameters=Instance,Direction,PeriphInc,MemInc,PeriphDataAlignment,MemDataAlignment,Mode,Priority
Dma.SPI1_TX.1.Direction=DMA_MEMORY_TO_PERIPH
Dma.SPI1_TX.1.Instance=DMA1_Channel3
Dma.SPI1_TX.1.MemDataAlignment=DMA_MDATAALIGN_BYTE
Dma.SPI1_TX.1.MemInc=DMA_MINC_ENABLE
Dma.SPI1_TX.1.Mode=DMA_NORMAL
Dma.SPI1_TX.1.PeriphDataAlignment=DMA_PDATAALIGN_BYTE
Dma.SPI1_TX.1.PeriphInc=DMA_PINC_DISABLE
Dma.SPI1_TX.1.Priority=DMA_PRIORITY_LOW
Dma.SPI1_TX.1.RequestParameters=Instance,Direction,PeriphInc,MemInc,PeriphDataAlignment,MemDataAlignment,Mode,Priority
FREERTOS.IPParameters=Tasks01,configTOTAL_HEAP_SIZE,configMINIMAL_STACK_SIZE
FREERTOS.Tasks01=defaultTask,24,256,StartDefaultTask,Default,NULL,Dynamic,NULL,NULL
FREERTOS.configMINIMAL_STACK_SIZE=256
FREERTOS.configTOTAL_HEAP_SIZE=21000
File.Version=6
KeepUserPlacement=false
Mcu.Family=STM32F3
Mcu.IP0=ADC1
Mcu.IP1=DMA
Mcu.IP2=FATFS
Mcu.IP3=FREERTOS
Mcu.IP4=NVIC
Mcu.IP5=RCC
Mcu.IP6=SPI1
Mcu.IP7=SYS
Mcu.IP8=USART2
Mcu.IPNb=9
Mcu.Name=STM32F303R(D-E)Tx
Mcu.Package=LQFP64
Mcu.Pin0=PC13
Mcu.Pin1=PC14-OSC32_IN
Mcu.Pin10=PA7
Mcu.Pin11=PA13
Mcu.Pin12=PA14
Mcu.Pin13=PB3
Mcu.Pin14=PB5
Mcu.Pin15=PB6
Mcu.Pin16=VP_FATFS_VS_Generic
Mcu.Pin17=VP_FREERTOS_VS_CMSIS_V2
Mcu.Pin18=VP_SYS_VS_tim3
Mcu.Pin2=PC15-OSC32_OUT
Mcu.Pin3=PF0-OSC_IN
Mcu.Pin4=PF1-OSC_OUT
Mcu.Pin5=PA0
Mcu.Pin6=PA2
Mcu.Pin7=PA3
Mcu.Pin8=PA5
Mcu.Pin9=PA6
Mcu.PinsNb=19
Mcu.ThirdPartyNb=0
Mcu.UserConstants=
Mcu.UserName=STM32F303RETx
MxCube.Version=6.4.0
MxDb.Version=DB.6.0.40
NVIC.BusFault_IRQn=true\:0\:0\:false\:false\:true\:false\:true\:false
NVIC.DMA1_Channel1_IRQn=true\:5\:0\:false\:false\:true\:true\:false\:true
NVIC.DMA1_Channel2_IRQn=true\:5\:0\:false\:false\:true\:true\:false\:true
NVIC.DMA1_Channel3_IRQn=true\:5\:0\:false\:false\:true\:true\:false\:true
NVIC.DebugMonitor_IRQn=true\:0\:0\:false\:false\:true\:false\:true\:false
NVIC.ForceEnableDMAVector=true
NVIC.HardFault_IRQn=true\:0\:0\:false\:false\:true\:false\:true\:false
NVIC.MemoryManagement_IRQn=true\:0\:0\:false\:false\:true\:false\:true\:false
NVIC.NonMaskableInt_IRQn=true\:0\:0\:false\:false\:true\:false\:true\:false
NVIC.PendSV_IRQn=true\:15\:0\:false\:false\:false\:true\:false\:false
NVIC.PriorityGroup=NVIC_PRIORITYGROUP_4
NVIC.SVCall_IRQn=true\:0\:0\:false\:false\:false\:false\:false\:false
NVIC.SavedPendsvIrqHandlerGenerated=true
NVIC.SavedSvcallIrqHandlerGenerated=true
NVIC.SavedSystickIrqHandlerGenerated=true
NVIC.SysTick_IRQn=true\:15\:0\:true\:false\:false\:true\:true\:true
NVIC.TIM3_IRQn=true\:15\:0\:false\:false\:true\:false\:false\:true
NVIC.TimeBase=TIM3_IRQn
NVIC.TimeBaseIP=TIM3
NVIC.UsageFault_IRQn=true\:0\:0\:false\:false\:true\:false\:true\:false
PA0.Mode=IN1-Single-Ended
PA0.Signal=ADC1_IN1
PA13.GPIOParameters=GPIO_Label
PA13.GPIO_Label=TMS
PA13.Locked=true
PA13.Mode=Serial_Wire
PA13.Signal=SYS_JTMS-SWDIO
PA14.GPIOParameters=GPIO_Label
PA14.GPIO_Label=TCK
PA14.Locked=true
PA14.Mode=Serial_Wire
PA14.Signal=SYS_JTCK-SWCLK
PA2.GPIOParameters=GPIO_Speed,GPIO_PuPd,GPIO_Label,GPIO_Mode
PA2.GPIO_Label=USART_TX
PA2.GPIO_Mode=GPIO_MODE_AF_PP
PA2.GPIO_PuPd=GPIO_NOPULL
PA2.GPIO_Speed=GPIO_SPEED_FREQ_LOW
PA2.Locked=true
PA2.Mode=Asynchronous
PA2.Signal=USART2_TX
PA3.GPIOParameters=GPIO_Speed,GPIO_PuPd,GPIO_Label,GPIO_Mode
PA3.GPIO_Label=USART_RX
PA3.GPIO_Mode=GPIO_MODE_AF_PP
PA3.GPIO_PuPd=GPIO_NOPULL
PA3.GPIO_Speed=GPIO_SPEED_FREQ_LOW
PA3.Locked=true
PA3.Mode=Asynchronous
PA3.Signal=USART2_RX
PA5.Mode=Full_Duplex_Master
PA5.Signal=SPI1_SCK
PA6.Mode=Full_Duplex_Master
PA6.Signal=SPI1_MISO
PA7.Mode=Full_Duplex_Master
PA7.Signal=SPI1_MOSI
PB3.GPIOParameters=GPIO_Label
PB3.GPIO_Label=SWO
PB3.Locked=true
PB3.Signal=SYS_JTDO-TRACESWO
PB5.GPIOParameters=GPIO_Label
PB5.GPIO_Label=SD_CS
PB5.Locked=true
PB5.Signal=GPIO_Output
PB6.GPIOParameters=GPIO_Label
PB6.GPIO_Label=W5500_CS
PB6.Locked=true
PB6.Signal=GPIO_Output
PC13.GPIOParameters=GPIO_Label,GPIO_ModeDefaultEXTI
PC13.GPIO_Label=B1 [Blue PushButton]
PC13.GPIO_ModeDefaultEXTI=GPIO_MODE_IT_FALLING
PC13.Locked=true
PC13.Signal=GPXTI13
PC14-OSC32_IN.Locked=true
PC14-OSC32_IN.Mode=LSE-External-Oscillator
PC14-OSC32_IN.Signal=RCC_OSC32_IN
PC15-OSC32_OUT.Locked=true
PC15-OSC32_OUT.Mode=LSE-External-Oscillator
PC15-OSC32_OUT.Signal=RCC_OSC32_OUT
PF0-OSC_IN.Locked=true
PF0-OSC_IN.Mode=HSE-External-Clock-Source
PF0-OSC_IN.Signal=RCC_OSC_IN
PF1-OSC_OUT.Locked=true
PF1-OSC_OUT.Signal=RCC_OSC_OUT
PinOutPanel.RotationAngle=0
ProjectManager.AskForMigrate=true
ProjectManager.BackupPrevious=false
ProjectManager.CompilerOptimize=6
ProjectManager.ComputerToolchain=false
ProjectManager.CoupleFile=false
ProjectManager.CustomerFirmwarePackage=
ProjectManager.DefaultFWLocation=true
ProjectManager.DeletePrevious=true
ProjectManager.DeviceId=STM32F303RETx
ProjectManager.FirmwarePackage=STM32Cube FW_F3 V1.11.3
ProjectManager.FreePins=false
ProjectManager.HalAssertFull=false
ProjectManager.HeapSize=0x200
ProjectManager.KeepUserCode=true
ProjectManager.LastFirmware=true
ProjectManager.LibraryCopy=1
ProjectManager.MainLocation=Core/Src
ProjectManager.NoMain=false
ProjectManager.PreviousToolchain=
ProjectManager.ProjectBuild=false
ProjectManager.ProjectFileName=CH26.ioc
ProjectManager.ProjectName=CH26
ProjectManager.RegisterCallBack=
ProjectManager.StackSize=0x400
ProjectManager.TargetToolchain=STM32CubeIDE
ProjectManager.ToolChainLocation=
ProjectManager.UnderRoot=true
ProjectManager.functionlistsort=1-MX_GPIO_Init-GPIO-false-HAL-true,2-SystemClock_Config-RCC-false-HAL-false,3-MX_USART2_UART_Init-USART2-false-HAL-true,4-MX_DMA_Init-DMA-false-HAL-true,5-MX_SPI1_Init-SPI1-false-HAL-true,6-MX_ADC1_Init-ADC1-false-HAL-true
RCC.ADC12outputFreq_Value=72000000
RCC.ADC34outputFreq_Value=72000000
RCC.AHBFreq_Value=72000000
RCC.APB1CLKDivider=RCC_HCLK_DIV2
RCC.APB1Freq_Value=36000000
RCC.APB1TimFreq_Value=72000000
RCC.APB2Freq_Value=72000000
RCC.APB2TimFreq_Value=72000000
RCC.CortexFreq_Value=72000000
RCC.FCLKCortexFreq_Value=72000000
RCC.FamilyName=M
RCC.HCLKFreq_Value=72000000
RCC.HSE_VALUE=8000000
RCC.HSI_VALUE=8000000
RCC.I2C1Freq_Value=8000000
RCC.I2C2Freq_Value=8000000
RCC.I2C3Freq_Value=8000000
RCC.I2SClocksFreq_Value=72000000
RCC.IPParameters=ADC12outputFreq_Value,ADC34outputFreq_Value,AHBFreq_Value,APB1CLKDivider,APB1Freq_Value,APB1TimFreq_Value,APB2Freq_Value,APB2TimFreq_Value,CortexFreq_Value,FCLKCortexFreq_Value,FamilyName,HCLKFreq_Value,HSE_VALUE,HSI_VALUE,I2C1Freq_Value,I2C2Freq_Value,I2C3Freq_Value,I2SClocksFreq_Value,LSI_VALUE,MCOFreq_Value,PLLCLKFreq_Value,PLLM,PLLMCOFreq_Value,PLLMUL,PLLN,PLLP,PLLQ,RCC_PLLsource_Clock_Source_FROM_HSE,RTCFreq_Value,RTCHSEDivFreq_Value,SYSCLKFreq_VALUE,SYSCLKSourceVirtual,TIM15Freq_Value,TIM16Freq_Value,TIM17Freq_Value,TIM1Freq_Value,TIM20Freq_Value,TIM2Freq_Value,TIM3Freq_Value,TIM8Freq_Value,UART4Freq_Value,UART5Freq_Value,USART1Freq_Value,USART2Freq_Value,USART3Freq_Value,USBFreq_Value,VCOOutput2Freq_Value
RCC.LSI_VALUE=40000
RCC.MCOFreq_Value=72000000
RCC.PLLCLKFreq_Value=72000000
RCC.PLLM=8
RCC.PLLMCOFreq_Value=72000000
RCC.PLLMUL=RCC_PLL_MUL9
RCC.PLLN=336
RCC.PLLP=RCC_PLLP_DIV4
RCC.PLLQ=7
RCC.RCC_PLLsource_Clock_Source_FROM_HSE=RCC_HSE_PREDIV_DIV2
RCC.RTCFreq_Value=40000
RCC.RTCHSEDivFreq_Value=250000
RCC.SYSCLKFreq_VALUE=72000000
RCC.SYSCLKSourceVirtual=RCC_SYSCLKSOURCE_PLLCLK
RCC.TIM15Freq_Value=72000000
RCC.TIM16Freq_Value=72000000
RCC.TIM17Freq_Value=72000000
RCC.TIM1Freq_Value=72000000
RCC.TIM20Freq_Value=72000000
RCC.TIM2Freq_Value=72000000
RCC.TIM3Freq_Value=72000000
RCC.TIM8Freq_Value=72000000
RCC.UART4Freq_Value=36000000
RCC.UART5Freq_Value=36000000
RCC.USART1Freq_Value=72000000
RCC.USART2Freq_Value=36000000
RCC.USART3Freq_Value=36000000
RCC.USBFreq_Value=72000000
RCC.VCOOutput2Freq_Value=8000000
SH.GPXTI13.0=GPIO_EXTI13
SH.GPXTI13.ConfNb=1
SPI1.BaudRatePrescaler=SPI_BAUDRATEPRESCALER_128
SPI1.CalculateBaudRate=562.5 KBits/s
SPI1.DataSize=SPI_DATASIZE_8BIT
SPI1.Direction=SPI_DIRECTION_2LINES
SPI1.IPParameters=VirtualType,Mode,Direction,BaudRatePrescaler,CalculateBaudRate,DataSize,NSSPMode
SPI1.Mode=SPI_MODE_MASTER
SPI1.NSSPMode=SPI_NSS_PULSE_DISABLE
SPI1.VirtualType=VM_MASTER
USART2.IPParameters=VirtualMode-Asynchronous
USART2.VirtualMode-Asynchronous=VM_ASYNC
VP_FATFS_VS_Generic.Mode=User_defined
VP_FATFS_VS_Generic.Signal=FATFS_VS_Generic
VP_FREERTOS_VS_CMSIS_V2.Mode=CMSIS_V2
VP_FREERTOS_VS_CMSIS_V2.Signal=FREERTOS_VS_CMSIS_V2
VP_SYS_VS_tim3.Mode=TIM3
VP_SYS_VS_tim3.Signal=SYS_VS_tim3
board=NUCLEO-F303RE
boardIOC=true
isbadioc=false
